
Microsoft Visual Studio Solution File, Format Version 12.00
# Visual Studio Version 17
VisualStudioVersion = 17.0.31903.59
MinimumVisualStudioVersion = 10.0.40219.1
Project("{2150E333-8FDC-42A3-9474-1A3956D46DE8}") = "src", "src", "{570A143A-9AE3-46E0-8B9F-72320E31B908}"
EndProject
Project("{9A19103F-16F7-4668-BE54-9A1E7A4F7556}") = "DrugDelivery.Core", "src\DrugDelivery.Core\DrugDelivery.Core.csproj", "{74AD63AF-0300-4571-B168-BBBF11B2FB98}"
EndProject
Project("{9A19103F-16F7-4668-BE54-9A1E7A4F7556}") = "DrugDelivery.Infrastructure", "src\DrugDelivery.Infrastructure\DrugDelivery.Infrastructure.csproj", "{0386F4F0-6D6D-4799-8DB6-F717904986EF}"
EndProject
Project("{2150E333-8FDC-42A3-9474-1A3956D46DE8}") = "tests", "tests", "{A5429003-2CBC-41A5-8DAF-9B94E2DED2BD}"
EndProject
Project("{9A19103F-16F7-4668-BE54-9A1E7A4F7556}") = "DrugDelivery.UnitTests", "tests\DrugDelivery.UnitTests\DrugDelivery.UnitTests.csproj", "{D756418F-745B-4F58-BC0B-88B28A196188}"
EndProject
Project("{9A19103F-16F7-4668-BE54-9A1E7A4F7556}") = "DrugDelivery.Shared", "src\DrugDelivery.Shared\DrugDelivery.Shared.csproj", "{60980387-1D9B-4C51-8F3F-A7478481B0AF}"
EndProject
Project("{9A19103F-16F7-4668-BE54-9A1E7A4F7556}") = "DrugDelivery.HttpApi", "src\DrugDelivery.HttpApi\DrugDelivery.HttpApi.csproj", "{EB660618-FA8E-4E84-ACE7-B6DAA0789D01}"
EndProject
Global
	GlobalSection(SolutionConfigurationPlatforms) = preSolution
		Debug|Any CPU = Debug|Any CPU
		Release|Any CPU = Release|Any CPU
	EndGlobalSection
	GlobalSection(ProjectConfigurationPlatforms) = postSolution
		{74AD63AF-0300-4571-B168-BBBF11B2FB98}.Debug|Any CPU.ActiveCfg = Debug|Any CPU
		{74AD63AF-0300-4571-B168-BBBF11B2FB98}.Debug|Any CPU.Build.0 = Debug|Any CPU
		{74AD63AF-0300-4571-B168-BBBF11B2FB98}.Release|Any CPU.ActiveCfg = Release|Any CPU
		{74AD63AF-0300-4571-B168-BBBF11B2FB98}.Release|Any CPU.Build.0 = Release|Any CPU
		{0386F4F0-6D6D-4799-8DB6-F717904986EF}.Debug|Any CPU.ActiveCfg = Debug|Any CPU
		{0386F4F0-6D6D-4799-8DB6-F717904986EF}.Debug|Any CPU.Build.0 = Debug|Any CPU
		{0386F4F0-6D6D-4799-8DB6-F717904986EF}.Release|Any CPU.ActiveCfg = Release|Any CPU
		{0386F4F0-6D6D-4799-8DB6-F717904986EF}.Release|Any CPU.Build.0 = Release|Any CPU
		{D756418F-745B-4F58-BC0B-88B28A196188}.Debug|Any CPU.ActiveCfg = Debug|Any CPU
		{D756418F-745B-4F58-BC0B-88B28A196188}.Debug|Any CPU.Build.0 = Debug|Any CPU
		{D756418F-745B-4F58-BC0B-88B28A196188}.Release|Any CPU.ActiveCfg = Release|Any CPU
		{D756418F-745B-4F58-BC0B-88B28A196188}.Release|Any CPU.Build.0 = Release|Any CPU
		{60980387-1D9B-4C51-8F3F-A7478481B0AF}.Debug|Any CPU.ActiveCfg = Debug|Any CPU
		{60980387-1D9B-4C51-8F3F-A7478481B0AF}.Debug|Any CPU.Build.0 = Debug|Any CPU
		{60980387-1D9B-4C51-8F3F-A7478481B0AF}.Release|Any CPU.ActiveCfg = Release|Any CPU
		{60980387-1D9B-4C51-8F3F-A7478481B0AF}.Release|Any CPU.Build.0 = Release|Any CPU
		{EB660618-FA8E-4E84-ACE7-B6DAA0789D01}.Debug|Any CPU.ActiveCfg = Debug|Any CPU
		{EB660618-FA8E-4E84-ACE7-B6DAA0789D01}.Debug|Any CPU.Build.0 = Debug|Any CPU
		{EB660618-FA8E-4E84-ACE7-B6DAA0789D01}.Release|Any CPU.ActiveCfg = Release|Any CPU
		{EB660618-FA8E-4E84-ACE7-B6DAA0789D01}.Release|Any CPU.Build.0 = Release|Any CPU
	EndGlobalSection
	GlobalSection(SolutionProperties) = preSolution
		HideSolutionNode = FALSE
	EndGlobalSection
	GlobalSection(NestedProjects) = preSolution
		{74AD63AF-0300-4571-B168-BBBF11B2FB98} = {570A143A-9AE3-46E0-8B9F-72320E31B908}
		{0386F4F0-6D6D-4799-8DB6-F717904986EF} = {570A143A-9AE3-46E0-8B9F-72320E31B908}
		{D756418F-745B-4F58-BC0B-88B28A196188} = {A5429003-2CBC-41A5-8DAF-9B94E2DED2BD}
		{60980387-1D9B-4C51-8F3F-A7478481B0AF} = {570A143A-9AE3-46E0-8B9F-72320E31B908}
		{EB660618-FA8E-4E84-ACE7-B6DAA0789D01} = {570A143A-9AE3-46E0-8B9F-72320E31B908}
	EndGlobalSection
	GlobalSection(ExtensibilityGlobals) = postSolution
		SolutionGuid = {FEDDDDE8-C3B7-4AE3-BCC1-AA738627D89C}
	EndGlobalSection
EndGlobal
